// !$*UTF8*$!
{
	archiveVersion = 1;
	classes = {
	};
	objectVersion = 77;
	objects = {

/* Begin PBXBuildFile section */
		A30000000000000000000001 /* SharedTimer.swift in Sources */ = {isa = PBXBuildFile; fileRef = A21000000000000000000001 /* SharedTimer.swift */; };
		A30000000000000000000002 /* SharedTimerNotifications.swift in Sources */ = {isa = PBXBuildFile; fileRef = A21000000000000000000002 /* SharedTimerNotifications.swift */; };
		A30000000000000000000003 /* SharedTimer.swift in Sources */ = {isa = PBXBuildFile; fileRef = A21000000000000000000001 /* SharedTimer.swift */; };
		A30000000000000000000004 /* WatchConnectivityBridge.swift in Sources */ = {isa = PBXBuildFile; fileRef = A21000000000000000000003 /* WatchConnectivityBridge.swift */; };
		A30000000000000000000005 /* AbsoluteTimerWidget.appex in Embed App Extensions */ = {isa = PBXBuildFile; fileRef = A10000000000000000000001 /* AbsoluteTimerWidget.appex */; settings = {ATTRIBUTES = (RemoveHeadersOnCopy, ); }; };
		A30000000000000000000006 /* AbsoluteTimer Watch App.app in Embed Watch Content */ = {isa = PBXBuildFile; fileRef = A10000000000000000000002 /* AbsoluteTimer Watch App.app */; settings = {ATTRIBUTES = (RemoveHeadersOnCopy, ); }; };
		A30000000000000000000007 /* SharedTimer.swift in Sources */ = {isa = PBXBuildFile; fileRef = A21000000000000000000001 /* SharedTimer.swift */; };
		A30000000000000000000008 /* Assets.xcassets in Resources */ = {isa = PBXBuildFile; fileRef = A21000000000000000000004 /* Assets.xcassets */; };
		A30000000000000000000009 /* TimerIntents.swift in Sources */ = {isa = PBXBuildFile; fileRef = A21000000000000000000005 /* TimerIntents.swift */; };
		A3000000000000000000000A /* SharedTimerNotifications.swift in Sources */ = {isa = PBXBuildFile; fileRef = A21000000000000000000002 /* SharedTimerNotifications.swift */; };
/* End PBXBuildFile section */

/* Begin PBXContainerItemProxy section */
		A71000000000000000000001 /* PBXContainerItemProxy */ = {
			isa = PBXContainerItemProxy;
			containerPortal = 787CFABE2EC800D800C49690 /* Project object */;
			proxyType = 1;
			remoteGlobalIDString = A50000000000000000000001;
			remoteInfo = AbsoluteTimerWidget;
		};
		A71000000000000000000002 /* PBXContainerItemProxy */ = {
			isa = PBXContainerItemProxy;
			containerPortal = 787CFABE2EC800D800C49690 /* Project object */;
			proxyType = 1;
			remoteGlobalIDString = A50000000000000000000002;
			remoteInfo = "AbsoluteTimer Watch App";
		};
		A71000000000000000000003 /* PBXContainerItemProxy */ = {
			isa = PBXContainerItemProxy;
			containerPortal = 787CFABE2EC800D800C49690 /* Project object */;
			proxyType = 1;
			remoteGlobalIDString = A50000000000000000000002;
			remoteInfo = "AbsoluteTimer Watch App";
		};
/* End PBXContainerItemProxy section */

/* Begin PBXCopyFilesBuildPhase section */
		A40000000000000000000010 /* Embed App Extensions */ = {
			isa = PBXCopyFilesBuildPhase;
			buildActionMask = 2147483647;
			dstPath = "";
			dstSubfolderSpec = 13;
			files = (
				A30000000000000000000005 /* AbsoluteTimerWidget.appex in Embed App Extensions */,
			);
			name = "Embed App Extensions";
			runOnlyForDeploymentPostprocessing = 0;
		};
		A40000000000000000000011 /* Embed Watch Content */ = {
			isa = PBXCopyFilesBuildPhase;
			buildActionMask = 2147483647;
			dstPath = "$(CONTENTS_FOLDER_PATH)/Watch";
			dstSubfolderSpec = 16;
			files = (
				A30000000000000000000006 /* AbsoluteTimer Watch App.app in Embed Watch Content */,
			);
			name = "Embed Watch Content";
			runOnlyForDeploymentPostprocessing = 0;
		};
/* End PBXCopyFilesBuildPhase section */

/* Begin PBXFileReference section */
		787CFAC62EC800D800C49690 /* AbsoluteTimer.app */ = {isa = PBXFileReference; explicitFileType = wrapper.application; includeInIndex = 0; path = AbsoluteTimer.app; sourceTree = BUILT_PRODUCTS_DIR; };
		A10000000000000000000001 /* AbsoluteTimerWidget.appex */ = {isa = PBXFileReference; explicitFileType = "wrapper.app-extension"; includeInIndex = 0; path = AbsoluteTimerWidget.appex; sourceTree = BUILT_PRODUCTS_DIR; };
		A10000000000000000000002 /* AbsoluteTimer Watch App.app */ = {isa = PBXFileReference; explicitFileType = wrapper.application; includeInIndex = 0; path = "AbsoluteTimer Watch App.app"; sourceTree = BUILT_PRODUCTS_DIR; };
		A10000000000000000000003 /* AbsoluteTimerTests.xctest */ = {isa = PBXFileReference; explicitFileType = wrapper.cfbundle; includeInIndex = 0; path = AbsoluteTimerTests.xctest; sourceTree = BUILT_PRODUCTS_DIR; };
		A10000000000000000000004 /* AbsoluteTimerWatchUITests.xctest */ = {isa = PBXFileReference; explicitFileType = wrapper.cfbundle; includeInIndex = 0; path = AbsoluteTimerWatchUITests.xctest; sourceTree = BUILT_PRODUCTS_DIR; };
		A21000000000000000000001 /* SharedTimer.swift */ = {isa = PBXFileReference; lastKnownFileType = sourcecode.swift; path = AbsoluteTimer/Shared/SharedTimer.swift; sourceTree = SOURCE_ROOT; };
		A21000000000000000000002 /* SharedTimerNotifications.swift */ = {isa = PBXFileReference; lastKnownFileType = sourcecode.swift; path = AbsoluteTimer/Shared/SharedTimerNotifications.swift; sourceTree = SOURCE_ROOT; };
		A21000000000000000000003 /* WatchConnectivityBridge.swift */ = {isa = PBXFileReference; lastKnownFileType = sourcecode.swift; path = AbsoluteTimer/Shared/WatchConnectivityBridge.swift; sourceTree = SOURCE_ROOT; };
		A21000000000000000000004 /* Assets.xcassets */ = {isa = PBXFileReference; lastKnownFileType = folder.assetcatalog; path = AbsoluteTimer/Assets.xcassets; sourceTree = SOURCE_ROOT; };
		A21000000000000000000005 /* TimerIntents.swift */ = {isa = PBXFileReference; lastKnownFileType = sourcecode.swift; path = AbsoluteTimer/Shared/TimerIntents.swift; sourceTree = SOURCE_ROOT; };
/* End PBXFileReference section */

/* Begin PBXFileSystemSynchronizedBuildFileExceptionSet section */
		A22000000000000000000001 /* Exceptions for "AbsoluteTimerWidget" folder in "AbsoluteTimerWidget" target */ = {
			isa = PBXFileSystemSynchronizedBuildFileExceptionSet;
			membershipExceptions = (
				Info.plist,
			);
			target = A50000000000000000000001 /* AbsoluteTimerWidget */;
		};
/* End PBXFileSystemSynchronizedBuildFileExceptionSet section */

/* Begin PBXFileSystemSynchronizedRootGroup section */
		787CFAC82EC800D800C49690 /* AbsoluteTimer */ = {
			isa = PBXFileSystemSynchronizedRootGroup;
			path = AbsoluteTimer;
			sourceTree = "<group>";
		};
		A20000000000000000000001 /* AbsoluteTimerWidget */ = {
			isa = PBXFileSystemSynchronizedRootGroup;
			exceptions = (
				A22000000000000000000001 /* Exceptions for "AbsoluteTimerWidget" folder in "AbsoluteTimerWidget" target */,
			);
			path = AbsoluteTimerWidget;
			sourceTree = "<group>";
		};
		A20000000000000000000002 /* AbsoluteTimer Watch App */ = {
			isa = PBXFileSystemSynchronizedRootGroup;
			path = "AbsoluteTimer Watch App";
			sourceTree = "<group>";
		};
		A20000000000000000000003 /* AbsoluteTimerTests */ = {
			isa = PBXFileSystemSynchronizedRootGroup;
			path = AbsoluteTimerTests;
			sourceTree = "<group>";
		};
		A20000000000000000000004 /* AbsoluteTimerWatchUITests */ = {
			isa = PBXFileSystemSynchronizedRootGroup;
			path = AbsoluteTimerWatchUITests;
			sourceTree = "<group>";
		};
/* End PBXFileSystemSynchronizedRootGroup section */

/* Begin PBXFrameworksBuildPhase section */
		787CFAC32EC800D800C49690 /* Frameworks */ = {
			isa = PBXFrameworksBuildPhase;
			buildActionMask = 2147483647;
			files = (
			);
			runOnlyForDeploymentPostprocessing = 0;
		};
		A40000000000000000000002 /* Frameworks */ = {
			isa = PBXFrameworksBuildPhase;
			buildActionMask = 2147483647;
			files = (
			);
			runOnlyForDeploymentPostprocessing = 0;
		};
		A40000000000000000000005 /* Frameworks */ = {
			isa = PBXFrameworksBuildPhase;
			buildActionMask = 2147483647;
			files = (
			);
			runOnlyForDeploymentPostprocessing = 0;
		};
		A40000000000000000000008 /* Frameworks */ = {
			isa = PBXFrameworksBuildPhase;
			buildActionMask = 2147483647;
			files = (
			);
			runOnlyForDeploymentPostprocessing = 0;
		};
		A4000000000000000000000B /* Frameworks */ = {
			isa = PBXFrameworksBuildPhase;
			buildActionMask = 2147483647;
			files = (
			);
			runOnlyForDeploymentPostprocessing = 0;
		};
/* End PBXFrameworksBuildPhase section */

/* Begin PBXGroup section */
		787CFABD2EC800D800C49690 = {
			isa = PBXGroup;
			children = (
				787CFAC82EC800D800C49690 /* AbsoluteTimer */,
				A20000000000000000000001 /* AbsoluteTimerWidget */,
				A20000000000000000000002 /* AbsoluteTimer Watch App */,
				A20000000000000000000003 /* AbsoluteTimerTests */,
				A20000000000000000000004 /* AbsoluteTimerWatchUITests */,
				A21000000000000000000001 /* SharedTimer.swift */,
				A21000000000000000000002 /* SharedTimerNotifications.swift */,
				A21000000000000000000003 /* WatchConnectivityBridge.swift */,
				A21000000000000000000004 /* Assets.xcassets */,
				A21000000000000000000005 /* TimerIntents.swift */,
				787CFAC72EC800D800C49690 /* Products */,
			);
			sourceTree = "<group>";
		};
		787CFAC72EC800D800C49690 /* Products */ = {
			isa = PBXGroup;
			children = (
				787CFAC62EC800D800C49690 /* AbsoluteTimer.app */,
				A10000000000000000000001 /* AbsoluteTimerWidget.appex */,
				A10000000000000000000002 /* AbsoluteTimer Watch App.app */,
				A10000000000000000000003 /* AbsoluteTimerTests.xctest */,
				A10000000000000000000004 /* AbsoluteTimerWatchUITests.xctest */,
			);
			name = Products;
			sourceTree = "<group>";
		};
/* End PBXGroup section */

/* Begin PBXNativeTarget section */
		787CFAC52EC800D800C49690 /* AbsoluteTimer */ = {
			isa = PBXNativeTarget;
			buildConfigurationList = 787CFAD12EC800D900C49690 /* Build configuration list for PBXNativeTarget "AbsoluteTimer" */;
			buildPhases = (
				787CFAC22EC800D800C49690 /* Sources */,
				787CFAC32EC800D800C49690 /* Frameworks */,
				787CFAC42EC800D800C49690 /* Resources */,
				A40000000000000000000010 /* Embed App Extensions */,
				A40000000000000000000011 /* Embed Watch Content */,
			);
			buildRules = (
			);
			dependencies = (
				A70000000000000000000001 /* PBXTargetDependency */,
				A70000000000000000000002 /* PBXTargetDependency */,
			);
			fileSystemSynchronizedGroups = (
				787CFAC82EC800D800C49690 /* AbsoluteTimer */,
			);
			name = AbsoluteTimer;
			packageProductDependencies = (
			);
			productName = AbsoluteTimer;
			productReference = 787CFAC62EC800D800C49690 /* AbsoluteTimer.app */;
			productType = "com.apple.product-type.application";
		};
		A50000000000000000000001 /* AbsoluteTimerWidget */ = {
			isa = PBXNativeTarget;
			buildConfigurationList = A60000000000000000000001 /* Build configuration list for PBXNativeTarget "AbsoluteTimerWidget" */;
			buildPhases = (
				A40000000000000000000001 /* Sources */,
				A40000000000000000000002 /* Frameworks */,
				A40000000000000000000003 /* Resources */,
			);
			buildRules = (
			);
			dependencies = (
			);
			fileSystemSynchronizedGroups = (
				A20000000000000000000001 /* AbsoluteTimerWidget */,
			);
			name = AbsoluteTimerWidget;
			packageProductDependencies = (
			);
			productName = AbsoluteTimerWidget;
			productReference = A10000000000000000000001 /* AbsoluteTimerWidget.appex */;
			productType = "com.apple.product-type.app-extension";
		};
		A50000000000000000000002 /* AbsoluteTimer Watch App */ = {
			isa = PBXNativeTarget;
			buildConfigurationList = A60000000000000000000002 /* Build configuration list for PBXNativeTarget "AbsoluteTimer Watch App" */;
			buildPhases = (
				A40000000000000000000004 /* Sources */,
				A40000000000000000000005 /* Frameworks */,
				A40000000000000000000006 /* Resources */,
			);
			buildRules = (
			);
			dependencies = (
			);
			fileSystemSynchronizedGroups = (
				A20000000000000000000002 /* AbsoluteTimer Watch App */,
			);
			name = "AbsoluteTimer Watch App";
			packageProductDependencies = (
			);
			productName = "AbsoluteTimer Watch App";
			productReference = A10000000000000000000002 /* AbsoluteTimer Watch App.app */;
			productType = "com.apple.product-type.application";
		};
		A50000000000000000000003 /* AbsoluteTimerTests */ = {
			isa = PBXNativeTarget;
			buildConfigurationList = A60000000000000000000003 /* Build configuration list for PBXNativeTarget "AbsoluteTimerTests" */;
			buildPhases = (
				A40000000000000000000007 /* Sources */,
				A40000000000000000000008 /* Frameworks */,
				A40000000000000000000009 /* Resources */,
			);
			buildRules = (
			);
			dependencies = (
			);
			fileSystemSynchronizedGroups = (
				A20000000000000000000003 /* AbsoluteTimerTests */,
			);
			name = AbsoluteTimerTests;
			packageProductDependencies = (
			);
			productName = AbsoluteTimerTests;
			productReference = A10000000000000000000003 /* AbsoluteTimerTests.xctest */;
			productType = "com.apple.product-type.bundle.unit-test";
		};
		A50000000000000000000004 /* AbsoluteTimerWatchUITests */ = {
			isa = PBXNativeTarget;
			buildConfigurationList = A60000000000000000000004 /* Build configuration list for PBXNativeTarget "AbsoluteTimerWatchUITests" */;
			buildPhases = (
				A4000000000000000000000A /* Sources */,
				A4000000000000000000000B /* Frameworks */,
				A4000000000000000000000C /* Resources */,
			);
			buildRules = (
			);
			dependencies = (
				A70000000000000000000003 /* PBXTargetDependency */,
			);
			fileSystemSynchronizedGroups = (
				A20000000000000000000004 /* AbsoluteTimerWatchUITests */,
			);
			name = AbsoluteTimerWatchUITests;
			packageProductDependencies = (
			);
			productName = AbsoluteTimerWatchUITests;
			productReference = A10000000000000000000004 /* AbsoluteTimerWatchUITests.xctest */;
			productType = "com.apple.product-type.bundle.ui-testing";
		};
/* End PBXNativeTarget section */

/* Begin PBXProject section */
		787CFABE2EC800D800C49690 /* Project object */ = {
			isa = PBXProject;
			attributes = {
				BuildIndependentTargetsInParallel = 1;
				LastSwiftUpdateCheck = 2610;
				LastUpgradeCheck = 2610;
				TargetAttributes = {
					787CFAC52EC800D800C49690 = {
						CreatedOnToolsVersion = 26.1.1;
					};
					A50000000000000000000001 = {
						CreatedOnToolsVersion = 26.6;
					};
					A50000000000000000000002 = {
						CreatedOnToolsVersion = 26.6;
					};
					A50000000000000000000003 = {
						CreatedOnToolsVersion = 26.6;
						TestTargetID = 787CFAC52EC800D800C49690;
					};
					A50000000000000000000004 = {
						CreatedOnToolsVersion = 26.6;
						TestTargetID = A50000000000000000000002;
					};
				};
			};
			buildConfigurationList = 787CFAC12EC800D800C49690 /* Build configuration list for PBXProject "AbsoluteTimer" */;
			developmentRegion = en;
			hasScannedForEncodings = 0;
			knownRegions = (
				en,
				Base,
			);
			mainGroup = 787CFABD2EC800D800C49690;
			minimizedProjectReferenceProxies = 1;
			preferredProjectObjectVersion = 77;
			productRefGroup = 787CFAC72EC800D800C49690 /* Products */;
			projectDirPath = "";
			projectRoot = "";
			targets = (
				787CFAC52EC800D800C49690 /* AbsoluteTimer */,
				A50000000000000000000001 /* AbsoluteTimerWidget */,
				A50000000000000000000002 /* AbsoluteTimer Watch App */,
				A50000000000000000000003 /* AbsoluteTimerTests */,
				A50000000000000000000004 /* AbsoluteTimerWatchUITests */,
			);
		};
/* End PBXProject section */

/* Begin PBXResourcesBuildPhase section */
		787CFAC42EC800D800C49690 /* Resources */ = {
			isa = PBXResourcesBuildPhase;
			buildActionMask = 2147483647;
			files = (
			);
			runOnlyForDeploymentPostprocessing = 0;
		};
		A40000000000000000000003 /* Resources */ = {
			isa = PBXResourcesBuildPhase;
			buildActionMask = 2147483647;
			files = (
			);
			runOnlyForDeploymentPostprocessing = 0;
		};
		A40000000000000000000006 /* Resources */ = {
			isa = PBXResourcesBuildPhase;
			buildActionMask = 2147483647;
			files = (
				A30000000000000000000008 /* Assets.xcassets in Resources */,
			);
			runOnlyForDeploymentPostprocessing = 0;
		};
		A40000000000000000000009 /* Resources */ = {
			isa = PBXResourcesBuildPhase;
			buildActionMask = 2147483647;
			files = (
			);
			runOnlyForDeploymentPostprocessing = 0;
		};
		A4000000000000000000000C /* Resources */ = {
			isa = PBXResourcesBuildPhase;
			buildActionMask = 2147483647;
			files = (
			);
			runOnlyForDeploymentPostprocessing = 0;
		};
/* End PBXResourcesBuildPhase section */

/* Begin PBXSourcesBuildPhase section */
		787CFAC22EC800D800C49690 /* Sources */ = {
			isa = PBXSourcesBuildPhase;
			buildActionMask = 2147483647;
			files = (
			);
			runOnlyForDeploymentPostprocessing = 0;
		};
		A40000000000000000000001 /* Sources */ = {
			isa = PBXSourcesBuildPhase;
			buildActionMask = 2147483647;
			files = (
				A30000000000000000000001 /* SharedTimer.swift in Sources */,
				A30000000000000000000002 /* SharedTimerNotifications.swift in Sources */,
				A30000000000000000000009 /* TimerIntents.swift in Sources */,
			);
			runOnlyForDeploymentPostprocessing = 0;
		};
		A40000000000000000000004 /* Sources */ = {
			isa = PBXSourcesBuildPhase;
			buildActionMask = 2147483647;
			files = (
				A30000000000000000000003 /* SharedTimer.swift in Sources */,
				A30000000000000000000004 /* WatchConnectivityBridge.swift in Sources */,
				A3000000000000000000000A /* SharedTimerNotifications.swift in Sources */,
			);
			runOnlyForDeploymentPostprocessing = 0;
		};
		A40000000000000000000007 /* Sources */ = {
			isa = PBXSourcesBuildPhase;
			buildActionMask = 2147483647;
			files = (
				A30000000000000000000007 /* SharedTimer.swift in Sources */,
			);
			runOnlyForDeploymentPostprocessing = 0;
		};
		A4000000000000000000000A /* Sources */ = {
			isa = PBXSourcesBuildPhase;
			buildActionMask = 2147483647;
			files = (
			);
			runOnlyForDeploymentPostprocessing = 0;
		};
/* End PBXSourcesBuildPhase section */

/* Begin PBXTargetDependency section */
		A70000000000000000000001 /* PBXTargetDependency */ = {isa = PBXTargetDependency; target = A50000000000000000000001 /* AbsoluteTimerWidget */; targetProxy = A71000000000000000000001 /* PBXContainerItemProxy */; };
		A70000000000000000000002 /* PBXTargetDependency */ = {isa = PBXTargetDependency; target = A50000000000000000000002 /* AbsoluteTimer Watch App */; targetProxy = A71000000000000000000002 /* PBXContainerItemProxy */; };
		A70000000000000000000003 /* PBXTargetDependency */ = {isa = PBXTargetDependency; target = A50000000000000000000002 /* AbsoluteTimer Watch App */; targetProxy = A71000000000000000000003 /* PBXContainerItemProxy */; };
/* End PBXTargetDependency section */

/* Begin XCBuildConfiguration section */
		787CFACF2EC800D900C49690 /* Debug */ = {
			isa = XCBuildConfiguration;
			buildSettings = {
				ALWAYS_SEARCH_USER_PATHS = NO;
				ASSETCATALOG_COMPILER_GENERATE_SWIFT_ASSET_SYMBOL_EXTENSIONS = YES;
				CLANG_ANALYZER_NONNULL = YES;
				CLANG_ANALYZER_NUMBER_OBJECT_CONVERSION = YES_AGGRESSIVE;
				CLANG_CXX_LANGUAGE_STANDARD = "gnu++20";
				CLANG_ENABLE_MODULES = YES;
				CLANG_ENABLE_OBJC_ARC = YES;
				CLANG_ENABLE_OBJC_WEAK = YES;
				CLANG_WARN_BLOCK_CAPTURE_AUTORELEASING = YES;
				CLANG_WARN_BOOL_CONVERSION = YES;
				CLANG_WARN_COMMA = YES;
				CLANG_WARN_CONSTANT_CONVERSION = YES;
				CLANG_WARN_DEPRECATED_OBJC_IMPLEMENTATIONS = YES;
				CLANG_WARN_DIRECT_OBJC_ISA_USAGE = YES_ERROR;
				CLANG_WARN_DOCUMENTATION_COMMENTS = YES;
				CLANG_WARN_EMPTY_BODY = YES;
				CLANG_WARN_ENUM_CONVERSION = YES;
				CLANG_WARN_INFINITE_RECURSION = YES;
				CLANG_WARN_INT_CONVERSION = YES;
				CLANG_WARN_NON_LITERAL_NULL_CONVERSION = YES;
				CLANG_WARN_OBJC_IMPLICIT_RETAIN_SELF = YES;
				CLANG_WARN_OBJC_LITERAL_CONVERSION = YES;
				CLANG_WARN_OBJC_ROOT_CLASS = YES_ERROR;
				CLANG_WARN_QUOTED_INCLUDE_IN_FRAMEWORK_HEADER = YES;
				CLANG_WARN_RANGE_LOOP_ANALYSIS = YES;
				CLANG_WARN_STRICT_PROTOTYPES = YES;
				CLANG_WARN_SUSPICIOUS_MOVE = YES;
				CLANG_WARN_UNGUARDED_AVAILABILITY = YES_AGGRESSIVE;
				CLANG_WARN_UNREACHABLE_CODE = YES;
				CLANG_WARN__DUPLICATE_METHOD_MATCH = YES;
				COPY_PHASE_STRIP = NO;
				DEBUG_INFORMATION_FORMAT = dwarf;
				DEVELOPMENT_TEAM = F5RFJPL3F3;
				ENABLE_STRICT_OBJC_MSGSEND = YES;
				ENABLE_TESTABILITY = YES;
				ENABLE_USER_SCRIPT_SANDBOXING = YES;
				GCC_C_LANGUAGE_STANDARD = gnu17;
				GCC_DYNAMIC_NO_PIC = NO;
				GCC_NO_COMMON_BLOCKS = YES;
				GCC_OPTIMIZATION_LEVEL = 0;
				GCC_PREPROCESSOR_DEFINITIONS = (
					"DEBUG=1",
					"$(inherited)",
				);
				GCC_WARN_64_TO_32_BIT_CONVERSION = YES;
				GCC_WARN_ABOUT_RETURN_TYPE = YES_ERROR;
				GCC_WARN_UNDECLARED_SELECTOR = YES;
				GCC_WARN_UNINITIALIZED_AUTOS = YES_AGGRESSIVE;
				GCC_WARN_UNUSED_FUNCTION = YES;
				GCC_WARN_UNUSED_VARIABLE = YES;
				IPHONEOS_DEPLOYMENT_TARGET = 17.0;
				LOCALIZATION_PREFERS_STRING_CATALOGS = YES;
				MTL_ENABLE_DEBUG_INFO = INCLUDE_SOURCE;
				MTL_FAST_MATH = YES;
				ONLY_ACTIVE_ARCH = YES;
				SDKROOT = iphoneos;
				SWIFT_ACTIVE_COMPILATION_CONDITIONS = "DEBUG $(inherited)";
				SWIFT_OPTIMIZATION_LEVEL = "-Onone";
			};
			name = Debug;
		};
		787CFAD02EC800D900C49690 /* Release */ = {
			isa = XCBuildConfiguration;
			buildSettings = {
				ALWAYS_SEARCH_USER_PATHS = NO;
				ASSETCATALOG_COMPILER_GENERATE_SWIFT_ASSET_SYMBOL_EXTENSIONS = YES;
				CLANG_ANALYZER_NONNULL = YES;
				CLANG_ANALYZER_NUMBER_OBJECT_CONVERSION = YES_AGGRESSIVE;
				CLANG_CXX_LANGUAGE_STANDARD = "gnu++20";
				CLANG_ENABLE_MODULES = YES;
				CLANG_ENABLE_OBJC_ARC = YES;
				CLANG_ENABLE_OBJC_WEAK = YES;
				CLANG_WARN_BLOCK_CAPTURE_AUTORELEASING = YES;
				CLANG_WARN_BOOL_CONVERSION = YES;
				CLANG_WARN_COMMA = YES;
				CLANG_WARN_CONSTANT_CONVERSION = YES;
				CLANG_WARN_DEPRECATED_OBJC_IMPLEMENTATIONS = YES;
				CLANG_WARN_DIRECT_OBJC_ISA_USAGE = YES_ERROR;
				CLANG_WARN_DOCUMENTATION_COMMENTS = YES;
				CLANG_WARN_EMPTY_BODY = YES;
				CLANG_WARN_ENUM_CONVERSION = YES;
				CLANG_WARN_INFINITE_RECURSION = YES;
				CLANG_WARN_INT_CONVERSION = YES;
				CLANG_WARN_NON_LITERAL_NULL_CONVERSION = YES;
				CLANG_WARN_OBJC_IMPLICIT_RETAIN_SELF = YES;
				CLANG_WARN_OBJC_LITERAL_CONVERSION = YES;
				CLANG_WARN_OBJC_ROOT_CLASS = YES_ERROR;
				CLANG_WARN_QUOTED_INCLUDE_IN_FRAMEWORK_HEADER = YES;
				CLANG_WARN_RANGE_LOOP_ANALYSIS = YES;
				CLANG_WARN_STRICT_PROTOTYPES = YES;
				CLANG_WARN_SUSPICIOUS_MOVE = YES;
				CLANG_WARN_UNGUARDED_AVAILABILITY = YES_AGGRESSIVE;
				CLANG_WARN_UNREACHABLE_CODE = YES;
				CLANG_WARN__DUPLICATE_METHOD_MATCH = YES;
				COPY_PHASE_STRIP = NO;
				DEBUG_INFORMATION_FORMAT = "dwarf-with-dsym";
				DEVELOPMENT_TEAM = F5RFJPL3F3;
				ENABLE_NS_ASSERTIONS = NO;
				ENABLE_STRICT_OBJC_MSGSEND = YES;
				ENABLE_USER_SCRIPT_SANDBOXING = YES;
				GCC_C_LANGUAGE_STANDARD = gnu17;
				GCC_NO_COMMON_BLOCKS = YES;
				GCC_WARN_64_TO_32_BIT_CONVERSION = YES;
				GCC_WARN_ABOUT_RETURN_TYPE = YES_ERROR;
				GCC_WARN_UNDECLARED_SELECTOR = YES;
				GCC_WARN_UNINITIALIZED_AUTOS = YES_AGGRESSIVE;
				GCC_WARN_UNUSED_FUNCTION = YES;
				GCC_WARN_UNUSED_VARIABLE = YES;
				IPHONEOS_DEPLOYMENT_TARGET = 17.0;
				LOCALIZATION_PREFERS_STRING_CATALOGS = YES;
				MTL_ENABLE_DEBUG_INFO = NO;
				MTL_FAST_MATH = YES;
				SDKROOT = iphoneos;
				SWIFT_COMPILATION_MODE = wholemodule;
				VALIDATE_PRODUCT = YES;
			};
			name = Release;
		};
		787CFAD22EC800D900C49690 /* Debug */ = {
			isa = XCBuildConfiguration;
			buildSettings = {
				ASSETCATALOG_COMPILER_APPICON_NAME = AppIcon;
				ASSETCATALOG_COMPILER_GLOBAL_ACCENT_COLOR_NAME = AccentColor;
				ASSETCATALOG_COMPILER_INCLUDE_ALL_APPICON_ASSETS = YES;
				CODE_SIGN_ENTITLEMENTS = AbsoluteTimer/AbsoluteTimer.entitlements;
				CODE_SIGN_STYLE = Automatic;
				CURRENT_PROJECT_VERSION = 7;
				DEVELOPMENT_TEAM = F5RFJPL3F3;
				ENABLE_PREVIEWS = YES;
				GENERATE_INFOPLIST_FILE = YES;
				INFOPLIST_KEY_CFBundleDisplayName = "Absolute Timer";
				INFOPLIST_KEY_ITSAppUsesNonExemptEncryption = NO;
				INFOPLIST_KEY_LSApplicationCategoryType = "public.app-category.healthcare-fitness";
				INFOPLIST_KEY_UIApplicationSceneManifest_Generation = YES;
				INFOPLIST_KEY_UIApplicationSupportsIndirectInputEvents = YES;
				INFOPLIST_KEY_UILaunchScreen_Generation = YES;
				INFOPLIST_KEY_UISupportedInterfaceOrientations_iPhone = UIInterfaceOrientationPortrait;
				IPHONEOS_DEPLOYMENT_TARGET = 17.0;
				LD_RUNPATH_SEARCH_PATHS = (
					"$(inherited)",
					"@executable_path/Frameworks",
				);
				MARKETING_VERSION = 1.1;
				PRODUCT_BUNDLE_IDENTIFIER = com.discomedia.AbsoluteTimer;
				PRODUCT_NAME = "$(TARGET_NAME)";
				STRING_CATALOG_GENERATE_SYMBOLS = YES;
				SWIFT_APPROACHABLE_CONCURRENCY = YES;
				SWIFT_ACTIVE_COMPILATION_CONDITIONS = "$(inherited) TIMER_APP";
				SWIFT_DEFAULT_ACTOR_ISOLATION = MainActor;
				SWIFT_EMIT_LOC_STRINGS = YES;
				SWIFT_UPCOMING_FEATURE_MEMBER_IMPORT_VISIBILITY = YES;
				SWIFT_VERSION = 5.0;
				TARGETED_DEVICE_FAMILY = 1;
			};
			name = Debug;
		};
		787CFAD32EC800D900C49690 /* Release */ = {
			isa = XCBuildConfiguration;
			buildSettings = {
				ASSETCATALOG_COMPILER_APPICON_NAME = AppIcon;
				ASSETCATALOG_COMPILER_GLOBAL_ACCENT_COLOR_NAME = AccentColor;
				ASSETCATALOG_COMPILER_INCLUDE_ALL_APPICON_ASSETS = YES;
				CODE_SIGN_ENTITLEMENTS = AbsoluteTimer/AbsoluteTimer.entitlements;
				CODE_SIGN_STYLE = Automatic;
				CURRENT_PROJECT_VERSION = 7;
				DEVELOPMENT_TEAM = F5RFJPL3F3;
				ENABLE_PREVIEWS = YES;
				GENERATE_INFOPLIST_FILE = YES;
				INFOPLIST_KEY_CFBundleDisplayName = "Absolute Timer";
				INFOPLIST_KEY_ITSAppUsesNonExemptEncryption = NO;
				INFOPLIST_KEY_LSApplicationCategoryType = "public.app-category.healthcare-fitness";
				INFOPLIST_KEY_UIApplicationSceneManifest_Generation = YES;
				INFOPLIST_KEY_UIApplicationSupportsIndirectInputEvents = YES;
				INFOPLIST_KEY_UILaunchScreen_Generation = YES;
				INFOPLIST_KEY_UISupportedInterfaceOrientations_iPhone = UIInterfaceOrientationPortrait;
				IPHONEOS_DEPLOYMENT_TARGET = 17.0;
				LD_RUNPATH_SEARCH_PATHS = (
					"$(inherited)",
					"@executable_path/Frameworks",
				);
				MARKETING_VERSION = 1.1;
				PRODUCT_BUNDLE_IDENTIFIER = com.discomedia.AbsoluteTimer;
				PRODUCT_NAME = "$(TARGET_NAME)";
				STRING_CATALOG_GENERATE_SYMBOLS = YES;
				SWIFT_APPROACHABLE_CONCURRENCY = YES;
				SWIFT_ACTIVE_COMPILATION_CONDITIONS = "$(inherited) TIMER_APP";
				SWIFT_DEFAULT_ACTOR_ISOLATION = MainActor;
				SWIFT_EMIT_LOC_STRINGS = YES;
				SWIFT_UPCOMING_FEATURE_MEMBER_IMPORT_VISIBILITY = YES;
				SWIFT_VERSION = 5.0;
				TARGETED_DEVICE_FAMILY = 1;
			};
			name = Release;
		};
		A61000000000000000000001 /* Debug */ = {
			isa = XCBuildConfiguration;
			buildSettings = {
				APPLICATION_EXTENSION_API_ONLY = YES;
				CODE_SIGN_ENTITLEMENTS = AbsoluteTimerWidget/AbsoluteTimerWidget.entitlements;
				CODE_SIGN_STYLE = Automatic;
				CURRENT_PROJECT_VERSION = 7;
				DEVELOPMENT_TEAM = F5RFJPL3F3;
				INFOPLIST_FILE = AbsoluteTimerWidget/Info.plist;
				IPHONEOS_DEPLOYMENT_TARGET = 18.0;
				LD_RUNPATH_SEARCH_PATHS = ("$(inherited)", "@executable_path/Frameworks", "@executable_path/../../Frameworks", );
				MARKETING_VERSION = 1.1;
				PRODUCT_BUNDLE_IDENTIFIER = com.discomedia.AbsoluteTimer.widgets;
				PRODUCT_NAME = "$(TARGET_NAME)";
				SDKROOT = iphoneos;
				SKIP_INSTALL = YES;
				SWIFT_DEFAULT_ACTOR_ISOLATION = MainActor;
				SWIFT_VERSION = 5.0;
				TARGETED_DEVICE_FAMILY = 1;
			};
			name = Debug;
		};
		A61000000000000000000002 /* Release */ = {
			isa = XCBuildConfiguration;
			buildSettings = {
				APPLICATION_EXTENSION_API_ONLY = YES;
				CODE_SIGN_ENTITLEMENTS = AbsoluteTimerWidget/AbsoluteTimerWidget.entitlements;
				CODE_SIGN_STYLE = Automatic;
				CURRENT_PROJECT_VERSION = 7;
				DEVELOPMENT_TEAM = F5RFJPL3F3;
				INFOPLIST_FILE = AbsoluteTimerWidget/Info.plist;
				IPHONEOS_DEPLOYMENT_TARGET = 18.0;
				LD_RUNPATH_SEARCH_PATHS = ("$(inherited)", "@executable_path/Frameworks", "@executable_path/../../Frameworks", );
				MARKETING_VERSION = 1.1;
				PRODUCT_BUNDLE_IDENTIFIER = com.discomedia.AbsoluteTimer.widgets;
				PRODUCT_NAME = "$(TARGET_NAME)";
				SDKROOT = iphoneos;
				SKIP_INSTALL = YES;
				SWIFT_DEFAULT_ACTOR_ISOLATION = MainActor;
				SWIFT_VERSION = 5.0;
				TARGETED_DEVICE_FAMILY = 1;
			};
			name = Release;
		};
		A61000000000000000000003 /* Debug */ = {
			isa = XCBuildConfiguration;
			buildSettings = {
				CODE_SIGN_ENTITLEMENTS = "AbsoluteTimer Watch App/AbsoluteTimerWatch.entitlements";
				ASSETCATALOG_COMPILER_APPICON_NAME = AppIcon;
				ASSETCATALOG_COMPILER_GLOBAL_ACCENT_COLOR_NAME = AccentColor;
				CODE_SIGN_STYLE = Automatic;
				CURRENT_PROJECT_VERSION = 7;
				DEVELOPMENT_TEAM = F5RFJPL3F3;
				GENERATE_INFOPLIST_FILE = YES;
				INFOPLIST_KEY_CFBundleDisplayName = "Absolute Timer";
				INFOPLIST_KEY_WKCompanionAppBundleIdentifier = com.discomedia.AbsoluteTimer;
				INFOPLIST_KEY_WKRunsIndependentlyOfCompanionApp = NO;
				MARKETING_VERSION = 1.1;
				PRODUCT_BUNDLE_IDENTIFIER = com.discomedia.AbsoluteTimer.watchkitapp;
				PRODUCT_NAME = "$(TARGET_NAME)";
				SDKROOT = watchos;
				SKIP_INSTALL = YES;
				SUPPORTED_PLATFORMS = "watchos watchsimulator";
				SWIFT_DEFAULT_ACTOR_ISOLATION = MainActor;
				SWIFT_VERSION = 5.0;
				TARGETED_DEVICE_FAMILY = 4;
				WATCHOS_DEPLOYMENT_TARGET = 10.0;
			};
			name = Debug;
		};
		A61000000000000000000004 /* Release */ = {
			isa = XCBuildConfiguration;
			buildSettings = {
				CODE_SIGN_ENTITLEMENTS = "AbsoluteTimer Watch App/AbsoluteTimerWatch.entitlements";
				ASSETCATALOG_COMPILER_APPICON_NAME = AppIcon;
				ASSETCATALOG_COMPILER_GLOBAL_ACCENT_COLOR_NAME = AccentColor;
				CODE_SIGN_STYLE = Automatic;
				CURRENT_PROJECT_VERSION = 7;
				DEVELOPMENT_TEAM = F5RFJPL3F3;
				GENERATE_INFOPLIST_FILE = YES;
				INFOPLIST_KEY_CFBundleDisplayName = "Absolute Timer";
				INFOPLIST_KEY_WKCompanionAppBundleIdentifier = com.discomedia.AbsoluteTimer;
				INFOPLIST_KEY_WKRunsIndependentlyOfCompanionApp = NO;
				MARKETING_VERSION = 1.1;
				PRODUCT_BUNDLE_IDENTIFIER = com.discomedia.AbsoluteTimer.watchkitapp;
				PRODUCT_NAME = "$(TARGET_NAME)";
				SDKROOT = watchos;
				SKIP_INSTALL = YES;
				SUPPORTED_PLATFORMS = "watchos watchsimulator";
				SWIFT_DEFAULT_ACTOR_ISOLATION = MainActor;
				SWIFT_VERSION = 5.0;
				TARGETED_DEVICE_FAMILY = 4;
				WATCHOS_DEPLOYMENT_TARGET = 10.0;
			};
			name = Release;
		};
		A61000000000000000000005 /* Debug */ = {
			isa = XCBuildConfiguration;
			buildSettings = {
				CODE_SIGN_STYLE = Automatic;
				DEVELOPMENT_TEAM = F5RFJPL3F3;
				GENERATE_INFOPLIST_FILE = YES;
				IPHONEOS_DEPLOYMENT_TARGET = 17.0;
				PRODUCT_BUNDLE_IDENTIFIER = com.discomedia.AbsoluteTimerTests;
				PRODUCT_NAME = "$(TARGET_NAME)";
				SDKROOT = iphoneos;
				SWIFT_VERSION = 5.0;
				TARGETED_DEVICE_FAMILY = 1;
		};
			name = Debug;
		};
		A61000000000000000000006 /* Release */ = {
			isa = XCBuildConfiguration;
			buildSettings = {
				CODE_SIGN_STYLE = Automatic;
				DEVELOPMENT_TEAM = F5RFJPL3F3;
				GENERATE_INFOPLIST_FILE = YES;
				IPHONEOS_DEPLOYMENT_TARGET = 17.0;
				PRODUCT_BUNDLE_IDENTIFIER = com.discomedia.AbsoluteTimerTests;
				PRODUCT_NAME = "$(TARGET_NAME)";
				SDKROOT = iphoneos;
				SWIFT_VERSION = 5.0;
				TARGETED_DEVICE_FAMILY = 1;
			};
			name = Release;
		};
		A61000000000000000000007 /* Debug */ = {
			isa = XCBuildConfiguration;
			buildSettings = {
				CODE_SIGN_STYLE = Automatic;
				CURRENT_PROJECT_VERSION = 7;
				DEVELOPMENT_TEAM = F5RFJPL3F3;
				GENERATE_INFOPLIST_FILE = YES;
				LD_RUNPATH_SEARCH_PATHS = (
					"$(inherited)",
					"@executable_path/Frameworks",
					"@loader_path/Frameworks",
				);
				PRODUCT_BUNDLE_IDENTIFIER = com.discomedia.AbsoluteTimer.watchuitests;
				PRODUCT_NAME = "$(TARGET_NAME)";
				SDKROOT = watchos;
				SUPPORTED_PLATFORMS = "watchos watchsimulator";
				SWIFT_VERSION = 5.0;
				TARGETED_DEVICE_FAMILY = 4;
				TEST_TARGET_NAME = "AbsoluteTimer Watch App";
				WATCHOS_DEPLOYMENT_TARGET = 10.0;
			};
			name = Debug;
		};
		A61000000000000000000008 /* Release */ = {
			isa = XCBuildConfiguration;
			buildSettings = {
				CODE_SIGN_STYLE = Automatic;
				CURRENT_PROJECT_VERSION = 7;
				DEVELOPMENT_TEAM = F5RFJPL3F3;
				GENERATE_INFOPLIST_FILE = YES;
				LD_RUNPATH_SEARCH_PATHS = (
					"$(inherited)",
					"@executable_path/Frameworks",
					"@loader_path/Frameworks",
				);
				PRODUCT_BUNDLE_IDENTIFIER = com.discomedia.AbsoluteTimer.watchuitests;
				PRODUCT_NAME = "$(TARGET_NAME)";
				SDKROOT = watchos;
				SUPPORTED_PLATFORMS = "watchos watchsimulator";
				SWIFT_VERSION = 5.0;
				TARGETED_DEVICE_FAMILY = 4;
				TEST_TARGET_NAME = "AbsoluteTimer Watch App";
				WATCHOS_DEPLOYMENT_TARGET = 10.0;
			};
			name = Release;
		};
/* End XCBuildConfiguration section */

/* Begin XCConfigurationList section */
		787CFAC12EC800D800C49690 /* Build configuration list for PBXProject "AbsoluteTimer" */ = {
			isa = XCConfigurationList;
			buildConfigurations = (
				787CFACF2EC800D900C49690 /* Debug */,
				787CFAD02EC800D900C49690 /* Release */,
			);
			defaultConfigurationIsVisible = 0;
			defaultConfigurationName = Release;
		};
		787CFAD12EC800D900C49690 /* Build configuration list for PBXNativeTarget "AbsoluteTimer" */ = {
			isa = XCConfigurationList;
			buildConfigurations = (
				787CFAD22EC800D900C49690 /* Debug */,
				787CFAD32EC800D900C49690 /* Release */,
			);
			defaultConfigurationIsVisible = 0;
			defaultConfigurationName = Release;
		};
		A60000000000000000000001 /* Build configuration list for PBXNativeTarget "AbsoluteTimerWidget" */ = {
			isa = XCConfigurationList;
			buildConfigurations = (A61000000000000000000001 /* Debug */, A61000000000000000000002 /* Release */, );
			defaultConfigurationIsVisible = 0;
			defaultConfigurationName = Release;
		};
		A60000000000000000000002 /* Build configuration list for PBXNativeTarget "AbsoluteTimer Watch App" */ = {
			isa = XCConfigurationList;
			buildConfigurations = (A61000000000000000000003 /* Debug */, A61000000000000000000004 /* Release */, );
			defaultConfigurationIsVisible = 0;
			defaultConfigurationName = Release;
		};
		A60000000000000000000003 /* Build configuration list for PBXNativeTarget "AbsoluteTimerTests" */ = {
			isa = XCConfigurationList;
			buildConfigurations = (A61000000000000000000005 /* Debug */, A61000000000000000000006 /* Release */, );
			defaultConfigurationIsVisible = 0;
			defaultConfigurationName = Release;
		};
		A60000000000000000000004 /* Build configuration list for PBXNativeTarget "AbsoluteTimerWatchUITests" */ = {
			isa = XCConfigurationList;
			buildConfigurations = (A61000000000000000000007 /* Debug */, A61000000000000000000008 /* Release */, );
			defaultConfigurationIsVisible = 0;
			defaultConfigurationName = Release;
		};
/* End XCConfigurationList section */
	};
	rootObject = 787CFABE2EC800D800C49690 /* Project object */;
}
